
Microsoft Visual Studio Solution File, Format Version 12.00
# Visual Studio Version 17
VisualStudioVersion = 17.7.34302.85
MinimumVisualStudioVersion = 10.0.40219.1
Project("{FAE04EC0-301F-11D3-BF4B-00C04F79EFBC}") = "L41_cardBlock", "L41_cardBlock.csproj", "{45E6E822-A4CD-4F74-9A31-DA02E856821D}"
EndProject
Global
	GlobalSection(SolutionConfigurationPlatforms) = preSolution
		Debug|Any CPU = Debug|Any CPU
		Release|Any CPU = Release|Any CPU
	EndGlobalSection
	GlobalSection(ProjectConfigurationPlatforms) = postSolution
		{45E6E822-A4CD-4F74-9A31-DA02E856821D}.Debug|Any CPU.ActiveCfg = Debug|Any CPU
		{45E6E822-A4CD-4F74-9A31-DA02E856821D}.Debug|Any CPU.Build.0 = Debug|Any CPU
		{45E6E822-A4CD-4F74-9A31-DA02E856821D}.Release|Any CPU.ActiveCfg = Release|Any CPU
		{45E6E822-A4CD-4F74-9A31-DA02E856821D}.Release|Any CPU.Build.0 = Release|Any CPU
	EndGlobalSection
	GlobalSection(SolutionProperties) = preSolution
		HideSolutionNode = FALSE
	EndGlobalSection
	GlobalSection(ExtensibilityGlobals) = postSolution
		SolutionGuid = {CC227488-75A4-4205-82C2-7DABD20D1048}
	EndGlobalSection
EndGlobal
